
Microsoft Visual Studio Solution File, Format Version 12.00
# Visual Studio Version 17
VisualStudioVersion = 17.9.34701.34
MinimumVisualStudioVersion = 10.0.40219.1
Project("{FAE04EC0-301F-11D3-BF4B-00C04F79EFBC}") = "5T24_LoukaConstant_appliMatrices", "5T24_LoukaConstant_appliMatrices.csproj", "{0430A6B6-A16F-4CEE-AA8F-4A2849130129}"
EndProject
Global
	GlobalSection(SolutionConfigurationPlatforms) = preSolution
		Debug|Any CPU = Debug|Any CPU
		Release|Any CPU = Release|Any CPU
	EndGlobalSection
	GlobalSection(ProjectConfigurationPlatforms) = postSolution
		{0430A6B6-A16F-4CEE-AA8F-4A2849130129}.Debug|Any CPU.ActiveCfg = Debug|Any CPU
		{0430A6B6-A16F-4CEE-AA8F-4A2849130129}.Debug|Any CPU.Build.0 = Debug|Any CPU
		{0430A6B6-A16F-4CEE-AA8F-4A2849130129}.Release|Any CPU.ActiveCfg = Release|Any CPU
		{0430A6B6-A16F-4CEE-AA8F-4A2849130129}.Release|Any CPU.Build.0 = Release|Any CPU
	EndGlobalSection
	GlobalSection(SolutionProperties) = preSolution
		HideSolutionNode = FALSE
	EndGlobalSection
	GlobalSection(ExtensibilityGlobals) = postSolution
		SolutionGuid = {C5955EED-3DEA-44DA-84C5-C679F40907E8}
	EndGlobalSection
EndGlobal
